
Microsoft Visual Studio Solution File, Format Version 12.00
# Visual Studio Version 16
VisualStudioVersion = 16.0.30907.101
MinimumVisualStudioVersion = 10.0.40219.1
Project("{FAE04EC0-301F-11D3-BF4B-00C04F79EFBC}") = "APIConnector-1D5AC9A3883EF47", "APIConnector-1D5AC9A3883EF47.csproj", "{77E82FE2-2B18-4995-B2F0-661C0D08BF7A}"
EndProject
Global
	GlobalSection(SolutionConfigurationPlatforms) = preSolution
		Debug|Any CPU = Debug|Any CPU
		Release|Any CPU = Release|Any CPU
	EndGlobalSection
	GlobalSection(ProjectConfigurationPlatforms) = postSolution
		{77E82FE2-2B18-4995-B2F0-661C0D08BF7A}.Debug|Any CPU.ActiveCfg = Debug|Any CPU
		{77E82FE2-2B18-4995-B2F0-661C0D08BF7A}.Debug|Any CPU.Build.0 = Debug|Any CPU
		{77E82FE2-2B18-4995-B2F0-661C0D08BF7A}.Release|Any CPU.ActiveCfg = Release|Any CPU
		{77E82FE2-2B18-4995-B2F0-661C0D08BF7A}.Release|Any CPU.Build.0 = Release|Any CPU
	EndGlobalSection
	GlobalSection(SolutionProperties) = preSolution
		HideSolutionNode = FALSE
	EndGlobalSection
	GlobalSection(ExtensibilityGlobals) = postSolution
		SolutionGuid = {509D57AA-0ED7-4E15-8EF8-566F77E37319}
	EndGlobalSection
EndGlobal
